lockfileVersion: 5.4

specifiers:
  "@prisma/client": ^4.11.0
  "@types/bcrypt": ^5.0.0
  "@types/cookie": ^0.5.1
  "@types/node": 18.15.0
  "@types/react": 18.0.28
  "@types/react-dom": 18.0.11
  "@types/uuid": ^9.0.1
  autoprefixer: ^10.4.14
  bcrypt: ^5.1.0
  cookie: ^0.5.0
  daisyui: ^2.51.3
  eslint: 8.35.0
  eslint-config-next: 13.2.4
  next: 13.2.4
  postcss: ^8.4.21
  prisma: ^4.11.0
  react: 18.2.0
  react-dom: 18.2.0
  tailwindcss: ^3.2.7
  ts-node: ^10.9.1
  typescript: 4.9.5
  uuid: ^9.0.0

dependencies:
  "@prisma/client": 4.11.0_prisma@4.11.0
  "@types/node": 18.15.0
  "@types/react": 18.0.28
  "@types/react-dom": 18.0.11
  bcrypt: 5.1.0
  cookie: 0.5.0
  daisyui: 2.51.3_twcojoavfil6ttgiekdipcazme
  eslint: 8.35.0
  eslint-config-next: 13.2.4_ycpbpc6yetojsgtrx3mwntkhsu
  next: 13.2.4_biqbaboplfbrettd7655fr4n2y
  react: 18.2.0
  react-dom: 18.2.0_react@18.2.0
  typescript: 4.9.5
  uuid: 9.0.0

devDependencies:
  "@types/bcrypt": 5.0.0
  "@types/cookie": 0.5.1
  "@types/uuid": 9.0.1
  autoprefixer: 10.4.14_postcss@8.4.21
  postcss: 8.4.21
  prisma: 4.11.0
  tailwindcss: 3.2.7_aesdjsunmf4wiehhujt67my7tu
  ts-node: 10.9.1_lwgqdwokjtwlohdqtbb6s252kq

packages:
  /@babel/runtime/7.21.0:
    resolution:
      {
        integrity: sha512-xwII0//EObnq89Ji5AKYQaRYiW/nZ3llSv29d49IuxPhKbtJoLP+9QUUZ4nVragQVtaVGeZrpB+ZtG/Pdy/POw==,
      }
    engines: { node: ">=6.9.0" }
    dependencies:
      regenerator-runtime: 0.13.11
    dev: false

  /@cspotcode/source-map-support/0.8.1:
    resolution:
      {
        integrity: sha512-IchNf6dN4tHoMFIn/7OE8LWZ19Y6q/67Bmf6vnGREv8RSbBVb9LPJxEcnwrcwX6ixSvaiGoomAUvu4YSxXrVgw==,
      }
    engines: { node: ">=12" }
    dependencies:
      "@jridgewell/trace-mapping": 0.3.9

  /@eslint/eslintrc/2.0.0:
    resolution:
      {
        integrity: sha512-fluIaaV+GyV24CCu/ggiHdV+j4RNh85yQnAYS/G2mZODZgGmmlrgCydjUcV3YvxCm9x8nMAfThsqTni4KiXT4A==,
      }
    engines: { node: ^12.22.0 || ^14.17.0 || >=16.0.0 }
    dependencies:
      ajv: 6.12.6
      debug: 4.3.4
      espree: 9.4.1
      globals: 13.20.0
      ignore: 5.2.4
      import-fresh: 3.3.0
      js-yaml: 4.1.0
      minimatch: 3.1.2
      strip-json-comments: 3.1.1
    transitivePeerDependencies:
      - supports-color
    dev: false

  /@eslint/js/8.35.0:
    resolution:
      {
        integrity: sha512-JXdzbRiWclLVoD8sNUjR443VVlYqiYmDVT6rGUEIEHU5YJW0gaVZwV2xgM7D4arkvASqD0IlLUVjHiFuxaftRw==,
      }
    engines: { node: ^12.22.0 || ^14.17.0 || >=16.0.0 }
    dev: false

  /@humanwhocodes/config-array/0.11.8:
    resolution:
      {
        integrity: sha512-UybHIJzJnR5Qc/MsD9Kr+RpO2h+/P1GhOwdiLPXK5TWk5sgTdu88bTD9UP+CKbPPh5Rni1u0GjAdYQLemG8g+g==,
      }
    engines: { node: ">=10.10.0" }
    dependencies:
      "@humanwhocodes/object-schema": 1.2.1
      debug: 4.3.4
      minimatch: 3.1.2
    transitivePeerDependencies:
      - supports-color
    dev: false

  /@humanwhocodes/module-importer/1.0.1:
    resolution:
      {
        integrity: sha512-bxveV4V8v5Yb4ncFTT3rPSgZBOpCkjfK0y4oVVVJwIuDVBRMDXrPyXRL988i5ap9m9bnyEEjWfm5WkBmtffLfA==,
      }
    engines: { node: ">=12.22" }
    dev: false

  /@humanwhocodes/object-schema/1.2.1:
    resolution:
      {
        integrity: sha512-ZnQMnLV4e7hDlUvw8H+U8ASL02SS2Gn6+9Ac3wGGLIe7+je2AeAOxPY+izIPJDfFDb7eDjev0Us8MO1iFRN8hA==,
      }
    dev: false

  /@jridgewell/resolve-uri/3.1.0:
    resolution:
      {
        integrity: sha512-F2msla3tad+Mfht5cJq7LSXcdudKTWCVYUgw6pLFOOHSTtZlj6SWNYAp+AhuqLmWdBO2X5hPrLcu8cVP8fy28w==,
      }
    engines: { node: ">=6.0.0" }

  /@jridgewell/sourcemap-codec/1.4.14:
    resolution:
      {
        integrity: sha512-XPSJHWmi394fuUuzDnGz1wiKqWfo1yXecHQMRf2l6hztTO+nPru658AyDngaBe7isIxEkRsPR3FZh+s7iVa4Uw==,
      }

  /@jridgewell/trace-mapping/0.3.9:
    resolution:
      {
        integrity: sha512-3Belt6tdc8bPgAtbcmdtNJlirVoTmEb5e2gC94PnkwEW9jI6CAHUeoG85tjWP5WquqfavoMtMwiG4P926ZKKuQ==,
      }
    dependencies:
      "@jridgewell/resolve-uri": 3.1.0
      "@jridgewell/sourcemap-codec": 1.4.14

  /@mapbox/node-pre-gyp/1.0.10:
    resolution:
      {
        integrity: sha512-4ySo4CjzStuprMwk35H5pPbkymjv1SF3jGLj6rAHp/xT/RF7TL7bd9CTm1xDY49K2qF7jmR/g7k+SkLETP6opA==,
      }
    hasBin: true
    dependencies:
      detect-libc: 2.0.1
      https-proxy-agent: 5.0.1
      make-dir: 3.1.0
      node-fetch: 2.6.9
      nopt: 5.0.0
      npmlog: 5.0.1
      rimraf: 3.0.2
      semver: 7.3.8
      tar: 6.1.13
    transitivePeerDependencies:
      - encoding
      - supports-color
    dev: false

  /@next/env/13.2.4:
    resolution:
      {
        integrity: sha512-+Mq3TtpkeeKFZanPturjcXt+KHfKYnLlX6jMLyCrmpq6OOs4i1GqBOAauSkii9QeKCMTYzGppar21JU57b/GEA==,
      }
    dev: false

  /@next/eslint-plugin-next/13.2.4:
    resolution:
      {
        integrity: sha512-ck1lI+7r1mMJpqLNa3LJ5pxCfOB1lfJncKmRJeJxcJqcngaFwylreLP7da6Rrjr6u2gVRTfmnkSkjc80IiQCwQ==,
      }
    dependencies:
      glob: 7.1.7
    dev: false

  /@next/swc-android-arm-eabi/13.2.4:
    resolution:
      {
        integrity: sha512-DWlalTSkLjDU11MY11jg17O1gGQzpRccM9Oes2yTqj2DpHndajrXHGxj9HGtJ+idq2k7ImUdJVWS2h2l/EDJOw==,
      }
    engines: { node: ">= 10" }
    cpu: [arm]
    os: [android]
    requiresBuild: true
    dev: false
    optional: true

  /@next/swc-android-arm64/13.2.4:
    resolution:
      {
        integrity: sha512-sRavmUImUCf332Gy+PjIfLkMhiRX1Ez4SI+3vFDRs1N5eXp+uNzjFUK/oLMMOzk6KFSkbiK/3Wt8+dHQR/flNg==,
      }
    engines: { node: ">= 10" }
    cpu: [arm64]
    os: [android]
    requiresBuild: true
    dev: false
    optional: true

  /@next/swc-darwin-arm64/13.2.4:
    resolution:
      {
        integrity: sha512-S6vBl+OrInP47TM3LlYx65betocKUUlTZDDKzTiRDbsRESeyIkBtZ6Qi5uT2zQs4imqllJznVjFd1bXLx3Aa6A==,
      }
    engines: { node: ">= 10" }
    cpu: [arm64]
    os: [darwin]
    requiresBuild: true
    dev: false
    optional: true

  /@next/swc-darwin-x64/13.2.4:
    resolution:
      {
        integrity: sha512-a6LBuoYGcFOPGd4o8TPo7wmv5FnMr+Prz+vYHopEDuhDoMSHOnC+v+Ab4D7F0NMZkvQjEJQdJS3rqgFhlZmKlw==,
      }
    engines: { node: ">= 10" }
    cpu: [x64]
    os: [darwin]
    requiresBuild: true
    dev: false
    optional: true

  /@next/swc-freebsd-x64/13.2.4:
    resolution:
      {
        integrity: sha512-kkbzKVZGPaXRBPisoAQkh3xh22r+TD+5HwoC5bOkALraJ0dsOQgSMAvzMXKsN3tMzJUPS0tjtRf1cTzrQ0I5vQ==,
      }
    engines: { node: ">= 10" }
    cpu: [x64]
    os: [freebsd]
    requiresBuild: true
    dev: false
    optional: true

  /@next/swc-linux-arm-gnueabihf/13.2.4:
    resolution:
      {
        integrity: sha512-7qA1++UY0fjprqtjBZaOA6cas/7GekpjVsZn/0uHvquuITFCdKGFCsKNBx3S0Rpxmx6WYo0GcmhNRM9ru08BGg==,
      }
    engines: { node: ">= 10" }
    cpu: [arm]
    os: [linux]
    requiresBuild: true
    dev: false
    optional: true

  /@next/swc-linux-arm64-gnu/13.2.4:
    resolution:
      {
        integrity: sha512-xzYZdAeq883MwXgcwc72hqo/F/dwUxCukpDOkx/j1HTq/J0wJthMGjinN9wH5bPR98Mfeh1MZJ91WWPnZOedOg==,
      }
    engines: { node: ">= 10" }
    cpu: [arm64]
    os: [linux]
    requiresBuild: true
    dev: false
    optional: true

  /@next/swc-linux-arm64-musl/13.2.4:
    resolution:
      {
        integrity: sha512-8rXr3WfmqSiYkb71qzuDP6I6R2T2tpkmf83elDN8z783N9nvTJf2E7eLx86wu2OJCi4T05nuxCsh4IOU3LQ5xw==,
      }
    engines: { node: ">= 10" }
    cpu: [arm64]
    os: [linux]
    requiresBuild: true
    dev: false
    optional: true

  /@next/swc-linux-x64-gnu/13.2.4:
    resolution:
      {
        integrity: sha512-Ngxh51zGSlYJ4EfpKG4LI6WfquulNdtmHg1yuOYlaAr33KyPJp4HeN/tivBnAHcZkoNy0hh/SbwDyCnz5PFJQQ==,
      }
    engines: { node: ">= 10" }
    cpu: [x64]
    os: [linux]
    requiresBuild: true
    dev: false
    optional: true

  /@next/swc-linux-x64-musl/13.2.4:
    resolution:
      {
        integrity: sha512-gOvwIYoSxd+j14LOcvJr+ekd9fwYT1RyMAHOp7znA10+l40wkFiMONPLWiZuHxfRk+Dy7YdNdDh3ImumvL6VwA==,
      }
    engines: { node: ">= 10" }
    cpu: [x64]
    os: [linux]
    requiresBuild: true
    dev: false
    optional: true

  /@next/swc-win32-arm64-msvc/13.2.4:
    resolution:
      {
        integrity: sha512-q3NJzcfClgBm4HvdcnoEncmztxrA5GXqKeiZ/hADvC56pwNALt3ngDC6t6qr1YW9V/EPDxCYeaX4zYxHciW4Dw==,
      }
    engines: { node: ">= 10" }
    cpu: [arm64]
    os: [win32]
    requiresBuild: true
    dev: false
    optional: true

  /@next/swc-win32-ia32-msvc/13.2.4:
    resolution:
      {
        integrity: sha512-/eZ5ncmHUYtD2fc6EUmAIZlAJnVT2YmxDsKs1Ourx0ttTtvtma/WKlMV5NoUsyOez0f9ExLyOpeCoz5aj+MPXw==,
      }
    engines: { node: ">= 10" }
    cpu: [ia32]
    os: [win32]
    requiresBuild: true
    dev: false
    optional: true

  /@next/swc-win32-x64-msvc/13.2.4:
    resolution:
      {
        integrity: sha512-0MffFmyv7tBLlji01qc0IaPP/LVExzvj7/R5x1Jph1bTAIj4Vu81yFQWHHQAP6r4ff9Ukj1mBK6MDNVXm7Tcvw==,
      }
    engines: { node: ">= 10" }
    cpu: [x64]
    os: [win32]
    requiresBuild: true
    dev: false
    optional: true

  /@nodelib/fs.scandir/2.1.5:
    resolution:
      {
        integrity: sha512-vq24Bq3ym5HEQm2NKCr3yXDwjc7vTsEThRDnkp2DK9p1uqLR+DHurm/NOTo0KG7HYHU7eppKZj3MyqYuMBf62g==,
      }
    engines: { node: ">= 8" }
    dependencies:
      "@nodelib/fs.stat": 2.0.5
      run-parallel: 1.2.0

  /@nodelib/fs.stat/2.0.5:
    resolution:
      {
        integrity: sha512-RkhPPp2zrqDAQA/2jNhnztcPAlv64XdhIp7a7454A5ovI7Bukxgt7MX7udwAu3zg1DcpPU0rz3VV1SeaqvY4+A==,
      }
    engines: { node: ">= 8" }

  /@nodelib/fs.walk/1.2.8:
    resolution:
      {
        integrity: sha512-oGB+UxlgWcgQkgwo8GcEGwemoTFt3FIO9ababBmaGwXIoBKZ+GTy0pP185beGg7Llih/NSHSV2XAs1lnznocSg==,
      }
    engines: { node: ">= 8" }
    dependencies:
      "@nodelib/fs.scandir": 2.1.5
      fastq: 1.15.0

  /@pkgr/utils/2.3.1:
    resolution:
      {
        integrity: sha512-wfzX8kc1PMyUILA+1Z/EqoE4UCXGy0iRGMhPwdfae1+f0OXlLqCk+By+aMzgJBzR9AzS4CDizioG6Ss1gvAFJw==,
      }
    engines: { node: ^12.20.0 || ^14.18.0 || >=16.0.0 }
    dependencies:
      cross-spawn: 7.0.3
      is-glob: 4.0.3
      open: 8.4.2
      picocolors: 1.0.0
      tiny-glob: 0.2.9
      tslib: 2.5.0
    dev: false

  /@prisma/client/4.11.0_prisma@4.11.0:
    resolution:
      {
        integrity: sha512-0INHYkQIqgAjrt7NzhYpeDQi8x3Nvylc2uDngKyFDDj1tTRQ4uV1HnVmd1sQEraeVAN63SOK0dgCKQHlvjL0KA==,
      }
    engines: { node: ">=14.17" }
    requiresBuild: true
    peerDependencies:
      prisma: "*"
    peerDependenciesMeta:
      prisma:
        optional: true
    dependencies:
      "@prisma/engines-version": 4.11.0-57.8fde8fef4033376662cad983758335009d522acb
      prisma: 4.11.0
    dev: false

  /@prisma/engines-version/4.11.0-57.8fde8fef4033376662cad983758335009d522acb:
    resolution:
      {
        integrity: sha512-3Vd8Qq06d5xD8Ch5WauWcUUrsVPdMC6Ge8ILji8RFfyhUpqon6qSyGM0apvr1O8n8qH8cKkEFqRPsYjuz5r83g==,
      }
    dev: false

  /@prisma/engines/4.11.0:
    resolution:
      {
        integrity: sha512-0AEBi2HXGV02cf6ASsBPhfsVIbVSDC9nbQed4iiY5eHttW9ZtMxHThuKZE1pnESbr8HRdgmFSa/Kn4OSNYuibg==,
      }
    requiresBuild: true

  /@rushstack/eslint-patch/1.2.0:
    resolution:
      {
        integrity: sha512-sXo/qW2/pAcmT43VoRKOJbDOfV3cYpq3szSVfIThQXNt+E4DfKj361vaAt3c88U5tPUxzEswam7GW48PJqtKAg==,
      }
    dev: false

  /@swc/helpers/0.4.14:
    resolution:
      {
        integrity: sha512-4C7nX/dvpzB7za4Ql9K81xK3HPxCpHMgwTZVyf+9JQ6VUbn9jjZVN7/Nkdz/Ugzs2CSjqnL/UPXroiVBVHUWUw==,
      }
    dependencies:
      tslib: 2.5.0
    dev: false

  /@tsconfig/node10/1.0.9:
    resolution:
      {
        integrity: sha512-jNsYVVxU8v5g43Erja32laIDHXeoNvFEpX33OK4d6hljo3jDhCBDhx5dhCCTMWUojscpAagGiRkBKxpdl9fxqA==,
      }

  /@tsconfig/node12/1.0.11:
    resolution:
      {
        integrity: sha512-cqefuRsh12pWyGsIoBKJA9luFu3mRxCA+ORZvA4ktLSzIuCUtWVxGIuXigEwO5/ywWFMZ2QEGKWvkZG1zDMTag==,
      }

  /@tsconfig/node14/1.0.3:
    resolution:
      {
        integrity: sha512-ysT8mhdixWK6Hw3i1V2AeRqZ5WfXg1G43mqoYlM2nc6388Fq5jcXyr5mRsqViLx/GJYdoL0bfXD8nmF+Zn/Iow==,
      }

  /@tsconfig/node16/1.0.3:
    resolution:
      {
        integrity: sha512-yOlFc+7UtL/89t2ZhjPvvB/DeAr3r+Dq58IgzsFkOAvVC6NMJXmCGjbptdXdR9qsX7pKcTL+s87FtYREi2dEEQ==,
      }

  /@types/bcrypt/5.0.0:
    resolution:
      {
        integrity: sha512-agtcFKaruL8TmcvqbndlqHPSJgsolhf/qPWchFlgnW1gECTN/nKbFcoFnvKAQRFfKbh+BO6A3SWdJu9t+xF3Lw==,
      }
    dependencies:
      "@types/node": 18.15.0
    dev: true

  /@types/cookie/0.5.1:
    resolution:
      {
        integrity: sha512-COUnqfB2+ckwXXSFInsFdOAWQzCCx+a5hq2ruyj+Vjund94RJQd4LG2u9hnvJrTgunKAaax7ancBYlDrNYxA0g==,
      }
    dev: true

  /@types/json5/0.0.29:
    resolution:
      {
        integrity: sha512-dRLjCWHYg4oaA77cxO64oO+7JwCwnIzkZPdrrC71jQmQtlhM556pwKo5bUzqvZndkVbeFLIIi+9TC40JNF5hNQ==,
      }
    dev: false

  /@types/node/18.15.0:
    resolution:
      {
        integrity: sha512-z6nr0TTEOBGkzLGmbypWOGnpSpSIBorEhC4L+4HeQ2iezKCi4f77kyslRwvHeNitymGQ+oFyIWGP96l/DPSV9w==,
      }

  /@types/prop-types/15.7.5:
    resolution:
      {
        integrity: sha512-JCB8C6SnDoQf0cNycqd/35A7MjcnK+ZTqE7judS6o7utxUCg6imJg3QK2qzHKszlTjcj2cn+NwMB2i96ubpj7w==,
      }
    dev: false

  /@types/react-dom/18.0.11:
    resolution:
      {
        integrity: sha512-O38bPbI2CWtgw/OoQoY+BRelw7uysmXbWvw3nLWO21H1HSh+GOlqPuXshJfjmpNlKiiSDG9cc1JZAaMmVdcTlw==,
      }
    dependencies:
      "@types/react": 18.0.28
    dev: false

  /@types/react/18.0.28:
    resolution:
      {
        integrity: sha512-RD0ivG1kEztNBdoAK7lekI9M+azSnitIn85h4iOiaLjaTrMjzslhaqCGaI4IyCJ1RljWiLCEu4jyrLLgqxBTew==,
      }
    dependencies:
      "@types/prop-types": 15.7.5
      "@types/scheduler": 0.16.2
      csstype: 3.1.1
    dev: false

  /@types/scheduler/0.16.2:
    resolution:
      {
        integrity: sha512-hppQEBDmlwhFAXKJX2KnWLYu5yMfi91yazPb2l+lbJiwW+wdo1gNeRA+3RgNSO39WYX2euey41KEwnqesU2Jew==,
      }
    dev: false

  /@types/uuid/9.0.1:
    resolution:
      {
        integrity: sha512-rFT3ak0/2trgvp4yYZo5iKFEPsET7vKydKF+VRCxlQ9bpheehyAJH89dAkaLEq/j/RZXJIqcgsmPJKUP1Z28HA==,
      }
    dev: true

  /@typescript-eslint/parser/5.54.1_ycpbpc6yetojsgtrx3mwntkhsu:
    resolution:
      {
        integrity: sha512-8zaIXJp/nG9Ff9vQNh7TI+C3nA6q6iIsGJ4B4L6MhZ7mHnTMR4YP5vp2xydmFXIy8rpyIVbNAG44871LMt6ujg==,
      }
    engines: { node: ^12.22.0 || ^14.17.0 || >=16.0.0 }
    peerDependencies:
      eslint: ^6.0.0 || ^7.0.0 || ^8.0.0
      typescript: "*"
    peerDependenciesMeta:
      typescript:
        optional: true
    dependencies:
      "@typescript-eslint/scope-manager": 5.54.1
      "@typescript-eslint/types": 5.54.1
      "@typescript-eslint/typescript-estree": 5.54.1_typescript@4.9.5
      debug: 4.3.4
      eslint: 8.35.0
      typescript: 4.9.5
    transitivePeerDependencies:
      - supports-color
    dev: false

  /@typescript-eslint/scope-manager/5.54.1:
    resolution:
      {
        integrity: sha512-zWKuGliXxvuxyM71UA/EcPxaviw39dB2504LqAmFDjmkpO8qNLHcmzlh6pbHs1h/7YQ9bnsO8CCcYCSA8sykUg==,
      }
    engines: { node: ^12.22.0 || ^14.17.0 || >=16.0.0 }
    dependencies:
      "@typescript-eslint/types": 5.54.1
      "@typescript-eslint/visitor-keys": 5.54.1
    dev: false

  /@typescript-eslint/types/5.54.1:
    resolution:
      {
        integrity: sha512-G9+1vVazrfAfbtmCapJX8jRo2E4MDXxgm/IMOF4oGh3kq7XuK3JRkOg6y2Qu1VsTRmWETyTkWt1wxy7X7/yLkw==,
      }
    engines: { node: ^12.22.0 || ^14.17.0 || >=16.0.0 }
    dev: false

  /@typescript-eslint/typescript-estree/5.54.1_typescript@4.9.5:
    resolution:
      {
        integrity: sha512-bjK5t+S6ffHnVwA0qRPTZrxKSaFYocwFIkZx5k7pvWfsB1I57pO/0M0Skatzzw1sCkjJ83AfGTL0oFIFiDX3bg==,
      }
    engines: { node: ^12.22.0 || ^14.17.0 || >=16.0.0 }
    peerDependencies:
      typescript: "*"
    peerDependenciesMeta:
      typescript:
        optional: true
    dependencies:
      "@typescript-eslint/types": 5.54.1
      "@typescript-eslint/visitor-keys": 5.54.1
      debug: 4.3.4
      globby: 11.1.0
      is-glob: 4.0.3
      semver: 7.3.8
      tsutils: 3.21.0_typescript@4.9.5
      typescript: 4.9.5
    transitivePeerDependencies:
      - supports-color
    dev: false

  /@typescript-eslint/visitor-keys/5.54.1:
    resolution:
      {
        integrity: sha512-q8iSoHTgwCfgcRJ2l2x+xCbu8nBlRAlsQ33k24Adj8eoVBE0f8dUeI+bAa8F84Mv05UGbAx57g2zrRsYIooqQg==,
      }
    engines: { node: ^12.22.0 || ^14.17.0 || >=16.0.0 }
    dependencies:
      "@typescript-eslint/types": 5.54.1
      eslint-visitor-keys: 3.3.0
    dev: false

  /abbrev/1.1.1:
    resolution:
      {
        integrity: sha512-nne9/IiQ/hzIhY6pdDnbBtz7DjPTKrY00P/zvPSm5pOFkl6xuGrGnXn/VtTNNfNtAfZ9/1RtehkszU9qcTii0Q==,
      }
    dev: false

  /acorn-jsx/5.3.2_acorn@8.8.2:
    resolution:
      {
        integrity: sha512-rq9s+JNhf0IChjtDXxllJ7g41oZk5SlXtp0LHwyA5cejwn7vKmKp4pPri6YEePv2PU65sAsegbXtIinmDFDXgQ==,
      }
    peerDependencies:
      acorn: ^6.0.0 || ^7.0.0 || ^8.0.0
    dependencies:
      acorn: 8.8.2
    dev: false

  /acorn-node/1.8.2:
    resolution:
      {
        integrity: sha512-8mt+fslDufLYntIoPAaIMUe/lrbrehIiwmR3t2k9LljIzoigEPF27eLk2hy8zSGzmR/ogr7zbRKINMo1u0yh5A==,
      }
    dependencies:
      acorn: 7.4.1
      acorn-walk: 7.2.0
      xtend: 4.0.2

  /acorn-walk/7.2.0:
    resolution:
      {
        integrity: sha512-OPdCF6GsMIP+Az+aWfAAOEt2/+iVDKE7oy6lJ098aoe59oAmK76qV6Gw60SbZ8jHuG2wH058GF4pLFbYamYrVA==,
      }
    engines: { node: ">=0.4.0" }

  /acorn-walk/8.2.0:
    resolution:
      {
        integrity: sha512-k+iyHEuPgSw6SbuDpGQM+06HQUa04DZ3o+F6CSzXMvvI5KMvnaEqXe+YVe555R9nn6GPt404fos4wcgpw12SDA==,
      }
    engines: { node: ">=0.4.0" }

  /acorn/7.4.1:
    resolution:
      {
        integrity: sha512-nQyp0o1/mNdbTO1PO6kHkwSrmgZ0MT/jCCpNiwbUjGoRN4dlBhqJtoQuCnEOKzgTVwg0ZWiCoQy6SxMebQVh8A==,
      }
    engines: { node: ">=0.4.0" }
    hasBin: true

  /acorn/8.8.2:
    resolution:
      {
        integrity: sha512-xjIYgE8HBrkpd/sJqOGNspf8uHG+NOHGOw6a/Urj8taM2EXfdNAH2oFcPeIFfsv3+kz/mJrS5VuMqbNLjCa2vw==,
      }
    engines: { node: ">=0.4.0" }
    hasBin: true

  /agent-base/6.0.2:
    resolution:
      {
        integrity: sha512-RZNwNclF7+MS/8bDg70amg32dyeZGZxiDuQmZxKLAlQjr3jGyLx+4Kkk58UO7D2QdgFIQCovuSuZESne6RG6XQ==,
      }
    engines: { node: ">= 6.0.0" }
    dependencies:
      debug: 4.3.4
    transitivePeerDependencies:
      - supports-color
    dev: false

  /ajv/6.12.6:
    resolution:
      {
        integrity: sha512-j3fVLgvTo527anyYyJOGTYJbG+vnnQYvE0m5mmkc1TK+nxAppkCLMIL0aZ4dblVCNoGShhm+kzE4ZUykBoMg4g==,
      }
    dependencies:
      fast-deep-equal: 3.1.3
      fast-json-stable-stringify: 2.1.0
      json-schema-traverse: 0.4.1
      uri-js: 4.4.1
    dev: false

  /ansi-regex/5.0.1:
    resolution:
      {
        integrity: sha512-quJQXlTSUGL2LH9SUXo8VwsY4soanhgo6LNSm84E1LBcE8s3O0wpdiRzyR9z/ZZJMlMWv37qOOb9pdJlMUEKFQ==,
      }
    engines: { node: ">=8" }
    dev: false

  /ansi-styles/4.3.0:
    resolution:
      {
        integrity: sha512-zbB9rCJAT1rbjiVDb2hqKFHNYLxgtk8NURxZ3IZwD3F6NtxbXZQCnnSi1Lkx+IDohdPlFp222wVALIheZJQSEg==,
      }
    engines: { node: ">=8" }
    dependencies:
      color-convert: 2.0.1
    dev: false

  /anymatch/3.1.3:
    resolution:
      {
        integrity: sha512-KMReFUr0B4t+D+OBkjR3KYqvocp2XaSzO55UcB6mgQMd3KbcE+mWTyvVV7D/zsdEbNnV6acZUutkiHQXvTr1Rw==,
      }
    engines: { node: ">= 8" }
    dependencies:
      normalize-path: 3.0.0
      picomatch: 2.3.1

  /aproba/2.0.0:
    resolution:
      {
        integrity: sha512-lYe4Gx7QT+MKGbDsA+Z+he/Wtef0BiwDOlK/XkBrdfsh9J/jPPXbX0tE9x9cl27Tmu5gg3QUbUrQYa/y+KOHPQ==,
      }
    dev: false

  /are-we-there-yet/2.0.0:
    resolution:
      {
        integrity: sha512-Ci/qENmwHnsYo9xKIcUJN5LeDKdJ6R1Z1j9V/J5wyq8nh/mYPEpIKJbBZXtZjG04HiK7zV/p6Vs9952MrMeUIw==,
      }
    engines: { node: ">=10" }
    dependencies:
      delegates: 1.0.0
      readable-stream: 3.6.2
    dev: false

  /arg/4.1.3:
    resolution:
      {
        integrity: sha512-58S9QDqG0Xx27YwPSt9fJxivjYl432YCwfDMfZ+71RAqUrZef7LrKQZ3LHLOwCS4FLNBplP533Zx895SeOCHvA==,
      }

  /arg/5.0.2:
    resolution:
      {
        integrity: sha512-PYjyFOLKQ9y57JvQ6QLo8dAgNqswh8M1RMJYdQduT6xbWSgK36P/Z/v+p888pM69jMMfS8Xd8F6I1kQ/I9HUGg==,
      }

  /argparse/2.0.1:
    resolution:
      {
        integrity: sha512-8+9WqebbFzpX9OR+Wa6O29asIogeRMzcGtAINdpMHHyAg10f05aSFVBbcEqGf/PXw1EjAZ+q2/bEBg3DvurK3Q==,
      }
    dev: false

  /aria-query/5.1.3:
    resolution:
      {
        integrity: sha512-R5iJ5lkuHybztUfuOAznmboyjWq8O6sqNqtK7CLOqdydi54VNbORp49mb14KbWgG1QD3JFO9hJdZ+y4KutfdOQ==,
      }
    dependencies:
      deep-equal: 2.2.0
    dev: false

  /array-includes/3.1.6:
    resolution:
      {
        integrity: sha512-sgTbLvL6cNnw24FnbaDyjmvddQ2ML8arZsgaJhoABMoplz/4QRhtrYS+alr1BUM1Bwp6dhx8vVCBSLG+StwOFw==,
      }
    engines: { node: ">= 0.4" }
    dependencies:
      call-bind: 1.0.2
      define-properties: 1.2.0
      es-abstract: 1.21.1
      get-intrinsic: 1.2.0
      is-string: 1.0.7
    dev: false

  /array-union/2.1.0:
    resolution:
      {
        integrity: sha512-HGyxoOTYUyCM6stUe6EJgnd4EoewAI7zMdfqO+kGjnlZmBDz/cR5pf8r/cR4Wq60sL/p0IkcjUEEPwS3GFrIyw==,
      }
    engines: { node: ">=8" }
    dev: false

  /array.prototype.flat/1.3.1:
    resolution:
      {
        integrity: sha512-roTU0KWIOmJ4DRLmwKd19Otg0/mT3qPNt0Qb3GWW8iObuZXxrjB/pzn0R3hqpRSWg4HCwqx+0vwOnWnvlOyeIA==,
      }
    engines: { node: ">= 0.4" }
    dependencies:
      call-bind: 1.0.2
      define-properties: 1.2.0
      es-abstract: 1.21.1
      es-shim-unscopables: 1.0.0
    dev: false

  /array.prototype.flatmap/1.3.1:
    resolution:
      {
        integrity: sha512-8UGn9O1FDVvMNB0UlLv4voxRMze7+FpHyF5mSMRjWHUMlpoDViniy05870VlxhfgTnLbpuwTzvD76MTtWxB/mQ==,
      }
    engines: { node: ">= 0.4" }
    dependencies:
      call-bind: 1.0.2
      define-properties: 1.2.0
      es-abstract: 1.21.1
      es-shim-unscopables: 1.0.0
    dev: false

  /array.prototype.tosorted/1.1.1:
    resolution:
      {
        integrity: sha512-pZYPXPRl2PqWcsUs6LOMn+1f1532nEoPTYowBtqLwAW+W8vSVhkIGnmOX1t/UQjD6YGI0vcD2B1U7ZFGQH9jnQ==,
      }
    dependencies:
      call-bind: 1.0.2
      define-properties: 1.2.0
      es-abstract: 1.21.1
      es-shim-unscopables: 1.0.0
      get-intrinsic: 1.2.0
    dev: false

  /ast-types-flow/0.0.7:
    resolution:
      {
        integrity: sha512-eBvWn1lvIApYMhzQMsu9ciLfkBY499mFZlNqG+/9WR7PVlroQw0vG30cOQQbaKz3sCEc44TAOu2ykzqXSNnwag==,
      }
    dev: false

  /autoprefixer/10.4.14_postcss@8.4.21:
    resolution:
      {
        integrity: sha512-FQzyfOsTlwVzjHxKEqRIAdJx9niO6VCBCoEwax/VLSoQF29ggECcPuBqUMZ+u8jCZOPSy8b8/8KnuFbp0SaFZQ==,
      }
    engines: { node: ^10 || ^12 || >=14 }
    hasBin: true
    peerDependencies:
      postcss: ^8.1.0
    dependencies:
      browserslist: 4.21.5
      caniuse-lite: 1.0.30001464
      fraction.js: 4.2.0
